{
  "name": "zustand-namedslices",
  "version": "0.0.1",
  "lockfileVersion": 2,
  "requires": true,
  "packages": {
    "": {
      "name": "zustand-namedslices",
      "version": "0.0.1",
      "license": "MIT",
      "dependencies": {
        "zustand": "^3.6.8"
      }
    },
    "node_modules/zustand": {
      "version": "3.6.8",
      "resolved": "https://registry.npmjs.org/zustand/-/zustand-3.6.8.tgz",
      "integrity": "sha512-8dqxig1l/o/N4M3DGxhweLVyCvNsd40oU3fXuY4MfqX1notavmjljCnSeTN3FGfYzbo963w4un2ChYsPB/0gKA==",
      "engines": {
        "node": ">=12.7.0"
      },
      "peerDependencies": {
        "react": ">=16.8"
      },
      "peerDependenciesMeta": {
        "react": {
          "optional": true
        }
      }
    }
  },
  "dependencies": {
    "zustand": {
      "version": "3.6.8",
      "resolved": "https://registry.npmjs.org/zustand/-/zustand-3.6.8.tgz",
      "integrity": "sha512-8dqxig1l/o/N4M3DGxhweLVyCvNsd40oU3fXuY4MfqX1notavmjljCnSeTN3FGfYzbo963w4un2ChYsPB/0gKA==",
      "requires": {}
    }
  }
}
