{
  "name": "zustand-opine",
  "version": "0.0.5",
  "lockfileVersion": 2,
  "requires": true,
  "packages": {
    "": {
      "name": "zustand-opine",
      "version": "0.0.5",
      "license": "MIT",
      "dependencies": {
        "immer": "^9.0.7",
        "zustand": "^3.6.8"
      }
    },
    "node_modules/immer": {
      "version": "9.0.7",
      "resolved": "https://registry.npmjs.org/immer/-/immer-9.0.7.tgz",
      "integrity": "sha512-KGllzpbamZDvOIxnmJ0jI840g7Oikx58lBPWV0hUh7dtAyZpFqqrBZdKka5GlTwMTZ1Tjc/bKKW4VSFAt6BqMA==",
      "funding": {
        "type": "opencollective",
        "url": "https://opencollective.com/immer"
      }
    },
    "node_modules/zustand": {
      "version": "3.6.8",
      "resolved": "https://registry.npmjs.org/zustand/-/zustand-3.6.8.tgz",
      "integrity": "sha512-8dqxig1l/o/N4M3DGxhweLVyCvNsd40oU3fXuY4MfqX1notavmjljCnSeTN3FGfYzbo963w4un2ChYsPB/0gKA==",
      "engines": {
        "node": ">=12.7.0"
      },
      "peerDependencies": {
        "react": ">=16.8"
      },
      "peerDependenciesMeta": {
        "react": {
          "optional": true
        }
      }
    }
  },
  "dependencies": {
    "immer": {
      "version": "9.0.7",
      "resolved": "https://registry.npmjs.org/immer/-/immer-9.0.7.tgz",
      "integrity": "sha512-KGllzpbamZDvOIxnmJ0jI840g7Oikx58lBPWV0hUh7dtAyZpFqqrBZdKka5GlTwMTZ1Tjc/bKKW4VSFAt6BqMA=="
    },
    "zustand": {
      "version": "3.6.8",
      "resolved": "https://registry.npmjs.org/zustand/-/zustand-3.6.8.tgz",
      "integrity": "sha512-8dqxig1l/o/N4M3DGxhweLVyCvNsd40oU3fXuY4MfqX1notavmjljCnSeTN3FGfYzbo963w4un2ChYsPB/0gKA==",
      "requires": {}
    }
  }
}
